
Microsoft Visual Studio Solution File, Format Version 12.00
# Visual Studio Version 17
VisualStudioVersion = 17.1.32407.343
MinimumVisualStudioVersion = 10.0.40219.1
Project("{FAE04EC0-301F-11D3-BF4B-00C04F79EFBC}") = "task 16", "task 16.csproj", "{AD4A4F5C-E875-4ED4-9364-7BF47DD2AB4B}"
EndProject
Global
	GlobalSection(SolutionConfigurationPlatforms) = preSolution
		Debug|Any CPU = Debug|Any CPU
		Release|Any CPU = Release|Any CPU
	EndGlobalSection
	GlobalSection(ProjectConfigurationPlatforms) = postSolution
		{AD4A4F5C-E875-4ED4-9364-7BF47DD2AB4B}.Debug|Any CPU.ActiveCfg = Debug|Any CPU
		{AD4A4F5C-E875-4ED4-9364-7BF47DD2AB4B}.Debug|Any CPU.Build.0 = Debug|Any CPU
		{AD4A4F5C-E875-4ED4-9364-7BF47DD2AB4B}.Release|Any CPU.ActiveCfg = Release|Any CPU
		{AD4A4F5C-E875-4ED4-9364-7BF47DD2AB4B}.Release|Any CPU.Build.0 = Release|Any CPU
	EndGlobalSection
	GlobalSection(SolutionProperties) = preSolution
		HideSolutionNode = FALSE
	EndGlobalSection
	GlobalSection(ExtensibilityGlobals) = postSolution
		SolutionGuid = {84978669-F34A-4CDE-A15B-78F9D5669C59}
	EndGlobalSection
EndGlobal
